PODS:
  - Alamofire (4.4.0)
  - FLKAutoLayout (0.2.1)
  - ORStackView (3.0.1):
    - FLKAutoLayout (~> 0.2)
  - RxSwift (3.4.1)
  - SwiftValidators (6.0.0)
  - SwiftyJSON (3.1.4)

DEPENDENCIES:
  - Alamofire (~> 4.4)
  - ORStackView (~> 3.0)
  - RxSwift (~> 3.4)
  - SwiftValidators
  - SwiftyJSON (~> 3.1)

SPEC CHECKSUMS:
  Alamofire: dc44b1600b800eb63da6a19039a0083d62a6a62d
  FLKAutoLayout: 9db6b30c2008d230da608e62c607b11c23b942e6
  ORStackView: a1bb52748cd0ae29891c140baf22ff8972fb363c
  RxSwift: 656f8fbeca5bc372121a72d9ebdd3cd3bc0ffade
  SwiftValidators: 4ccbec749f61a36f7a922781bb09452e80cde396
  SwiftyJSON: c2842d878f95482ffceec5709abc3d05680c0220

PODFILE CHECKSUM: f4fbd64f615be3669b8861186c85696c99323612

COCOAPODS: 1.2.1
